PODS:
  - Masonry (1.1.0)
  - MBProgressHUD (1.0.0)
  - MJExtension (3.0.15.1)
  - MJRefresh (3.1.15.3)
  - SDWebImage (4.4.1):
    - SDWebImage/Core (= 4.4.1)
  - SDWebImage/Core (4.4.1)
  - SensorsAnalyticsSDK/core (1.10.6)
  - SensorsAnalyticsSDK/IDFA (1.10.6):
    - SensorsAnalyticsSDK/core
  - SimulateIDFA (0.0.1)
  - WDKit (1.0.8)

DEPENDENCIES:
  - Masonry
  - MBProgressHUD
  - MJExtension
  - MJRefresh
  - SDWebImage
  - SensorsAnalyticsSDK/IDFA
  - SimulateIDFA
  - WDKit

SPEC REPOS:
  https://github.com/cocoapods/specs.git:
    - Masonry
    - MBProgressHUD
    - MJExtension
    - MJRefresh
    - SDWebImage
    - SensorsAnalyticsSDK
    - SimulateIDFA
    - WDKit

SPEC CHECKSUMS:
  Masonry: 678fab65091a9290e40e2832a55e7ab731aad201
  MBProgressHUD: 4890f671c94e8a0f3cf959aa731e9de2f036d71a
  MJExtension: 19bc33ce2eee2d319760f5622562cf581a6ff756
  MJRefresh: b48380ae2b927b46c4ef000de9adb8dc748e1df7
  SDWebImage: 47e9b5b925cbce75946c23f0c42dd19464189af4
  SensorsAnalyticsSDK: 3998c7876e200c15a7ff14eccc1dc5463a4f763b
  SimulateIDFA: 3b7dc99085eaf79deacb27a0bdc34277ee89075f
  WDKit: 467223283cb11cca86897279e2ed788e94ba64ed

PODFILE CHECKSUM: 6537b30c0654cf8916deaed4a516348c18e5e340

COCOAPODS: 1.5.3
